// !$*UTF8*$!
{
	archiveVersion = 1;
	classes = {
	};
	objectVersion = 50;
	objects = {

/* Begin PBXBuildFile section */
		CE0F4FD025B733AD0047E1A9 /* Area.swift in Sources */ = {isa = PBXBuildFile; fileRef = CE0F4FCF25B733AD0047E1A9 /* Area.swift */; };
		CE0F4FD125B733AD0047E1A9 /* Area.swift in Sources */ = {isa = PBXBuildFile; fileRef = CE0F4FCF25B733AD0047E1A9 /* Area.swift */; };
		CE0F4FE425B74FE50047E1A9 /* Square.swift in Sources */ = {isa = PBXBuildFile; fileRef = CE0F4FE325B74FE50047E1A9 /* Square.swift */; };
		CE0F4FE525B74FE50047E1A9 /* Square.swift in Sources */ = {isa = PBXBuildFile; fileRef = CE0F4FE325B74FE50047E1A9 /* Square.swift */; };
		CE6805C925B5F6CF0013F822 /* Media.xcassets in Resources */ = {isa = PBXBuildFile; fileRef = CE6805C825B5F6CF0013F822 /* Media.xcassets */; };
		CE6805CA25B5F6CF0013F822 /* Media.xcassets in Resources */ = {isa = PBXBuildFile; fileRef = CE6805C825B5F6CF0013F822 /* Media.xcassets */; };
		CEB0C75925B4EFCD0010DD2E /* Text.swift in Sources */ = {isa = PBXBuildFile; fileRef = CEB0C75825B4EFCD0010DD2E /* Text.swift */; };
		CEB0C75D25B4EFF10010DD2E /* Control.swift in Sources */ = {isa = PBXBuildFile; fileRef = CEB0C75C25B4EFF10010DD2E /* Control.swift */; };
		CEB0C76325B4F0100010DD2E /* Control.State.swift in Sources */ = {isa = PBXBuildFile; fileRef = CEB0C76225B4F0100010DD2E /* Control.State.swift */; };
		CEB0C76725B4F0380010DD2E /* Control.Title.swift in Sources */ = {isa = PBXBuildFile; fileRef = CEB0C76625B4F0380010DD2E /* Control.Title.swift */; };
		CEB0C76F25B4F1340010DD2E /* Game.swift in Sources */ = {isa = PBXBuildFile; fileRef = CEB0C76E25B4F1340010DD2E /* Game.swift */; };
		CEB0C77525B4F1AA0010DD2E /* Launch.swift in Sources */ = {isa = PBXBuildFile; fileRef = CEB0C77425B4F1AA0010DD2E /* Launch.swift */; };
		CEC331EC25B4E7B10073CBD1 /* App.swift in Sources */ = {isa = PBXBuildFile; fileRef = CEC331EB25B4E7B10073CBD1 /* App.swift */; };
		CEC331F025B4E7B20073CBD1 /* Assets.xcassets in Resources */ = {isa = PBXBuildFile; fileRef = CEC331EF25B4E7B20073CBD1 /* Assets.xcassets */; };
		CEC3320125B4E8380073CBD1 /* iOSApp.swift in Sources */ = {isa = PBXBuildFile; fileRef = CEC3320025B4E8380073CBD1 /* iOSApp.swift */; };
		CEC3320325B4E8380073CBD1 /* ContentView.swift in Sources */ = {isa = PBXBuildFile; fileRef = CEC3320225B4E8380073CBD1 /* ContentView.swift */; };
		CEC3320525B4E8390073CBD1 /* Assets.xcassets in Resources */ = {isa = PBXBuildFile; fileRef = CEC3320425B4E8390073CBD1 /* Assets.xcassets */; };
		CEC3321825B4EB890073CBD1 /* Window.swift in Sources */ = {isa = PBXBuildFile; fileRef = CEC3321725B4EB890073CBD1 /* Window.swift */; };
/* End PBXBuildFile section */

/* Begin PBXFileReference section */
		CE0F4FCF25B733AD0047E1A9 /* Area.swift */ = {isa = PBXFileReference; lastKnownFileType = sourcecode.swift; path = Area.swift; sourceTree = "<group>"; };
		CE0F4FE325B74FE50047E1A9 /* Square.swift */ = {isa = PBXFileReference; lastKnownFileType = sourcecode.swift; path = Square.swift; sourceTree = "<group>"; };
		CE6805C825B5F6CF0013F822 /* Media.xcassets */ = {isa = PBXFileReference; lastKnownFileType = folder.assetcatalog; path = Media.xcassets; sourceTree = "<group>"; };
		CEB0C75825B4EFCD0010DD2E /* Text.swift */ = {isa = PBXFileReference; lastKnownFileType = sourcecode.swift; path = Text.swift; sourceTree = "<group>"; };
		CEB0C75C25B4EFF10010DD2E /* Control.swift */ = {isa = PBXFileReference; lastKnownFileType = sourcecode.swift; path = Control.swift; sourceTree = "<group>"; };
		CEB0C76225B4F0100010DD2E /* Control.State.swift */ = {isa = PBXFileReference; lastKnownFileType = sourcecode.swift; path = Control.State.swift; sourceTree = "<group>"; };
		CEB0C76625B4F0380010DD2E /* Control.Title.swift */ = {isa = PBXFileReference; lastKnownFileType = sourcecode.swift; path = Control.Title.swift; sourceTree = "<group>"; };
		CEB0C76E25B4F1340010DD2E /* Game.swift */ = {isa = PBXFileReference; lastKnownFileType = sourcecode.swift; path = Game.swift; sourceTree = "<group>"; };
		CEB0C77425B4F1AA0010DD2E /* Launch.swift */ = {isa = PBXFileReference; lastKnownFileType = sourcecode.swift; path = Launch.swift; sourceTree = "<group>"; };
		CEC331E825B4E7B10073CBD1 /* CheekyKittens.app */ = {isa = PBXFileReference; explicitFileType = wrapper.application; includeInIndex = 0; name = CheekyKittens.app; path = "Cheeky Kittens.app"; sourceTree = BUILT_PRODUCTS_DIR; };
		CEC331EB25B4E7B10073CBD1 /* App.swift */ = {isa = PBXFileReference; lastKnownFileType = sourcecode.swift; path = App.swift; sourceTree = "<group>"; };
		CEC331EF25B4E7B20073CBD1 /* Assets.xcassets */ = {isa = PBXFileReference; lastKnownFileType = folder.assetcatalog; path = Assets.xcassets; sourceTree = "<group>"; };
		CEC331F425B4E7B20073CBD1 /* Info.plist */ = {isa = PBXFileReference; lastKnownFileType = text.plist.xml; path = Info.plist; sourceTree = "<group>"; };
		CEC331F525B4E7B20073CBD1 /* macOS.entitlements */ = {isa = PBXFileReference; lastKnownFileType = text.plist.entitlements; path = macOS.entitlements; sourceTree = "<group>"; };
		CEC331FE25B4E8380073CBD1 /* CheekyKittens.app */ = {isa = PBXFileReference; explicitFileType = wrapper.application; includeInIndex = 0; name = CheekyKittens.app; path = "Cheeky Kittens.app"; sourceTree = BUILT_PRODUCTS_DIR; };
		CEC3320025B4E8380073CBD1 /* iOSApp.swift */ = {isa = PBXFileReference; lastKnownFileType = sourcecode.swift; path = iOSApp.swift; sourceTree = "<group>"; };
		CEC3320225B4E8380073CBD1 /* ContentView.swift */ = {isa = PBXFileReference; lastKnownFileType = sourcecode.swift; path = ContentView.swift; sourceTree = "<group>"; };
		CEC3320425B4E8390073CBD1 /* Assets.xcassets */ = {isa = PBXFileReference; lastKnownFileType = folder.assetcatalog; path = Assets.xcassets; sourceTree = "<group>"; };
		CEC3320925B4E8390073CBD1 /* Info.plist */ = {isa = PBXFileReference; lastKnownFileType = text.plist.xml; path = Info.plist; sourceTree = "<group>"; };
		CEC3321725B4EB890073CBD1 /* Window.swift */ = {isa = PBXFileReference; lastKnownFileType = sourcecode.swift; path = Window.swift; sourceTree = "<group>"; };
/* End PBXFileReference section */

/* Begin PBXFrameworksBuildPhase section */
		CEC331E525B4E7B10073CBD1 /* Frameworks */ = {
			isa = PBXFrameworksBuildPhase;
			buildActionMask = 2147483647;
			files = (
			);
			runOnlyForDeploymentPostprocessing = 0;
		};
		CEC331FB25B4E8380073CBD1 /* Frameworks */ = {
			isa = PBXFrameworksBuildPhase;
			buildActionMask = 2147483647;
			files = (
			);
			runOnlyForDeploymentPostprocessing = 0;
		};
/* End PBXFrameworksBuildPhase section */

/* Begin PBXGroup section */
		CE6805C725B5F6B30013F822 /* Shared */ = {
			isa = PBXGroup;
			children = (
				CE0F4FCF25B733AD0047E1A9 /* Area.swift */,
				CE0F4FE325B74FE50047E1A9 /* Square.swift */,
				CE6805C825B5F6CF0013F822 /* Media.xcassets */,
			);
			path = Shared;
			sourceTree = "<group>";
		};
		CEC331DD25B4E7710073CBD1 = {
			isa = PBXGroup;
			children = (
				CEC331FF25B4E8380073CBD1 /* iOS */,
				CEC331EA25B4E7B10073CBD1 /* macOS */,
				CEC331E925B4E7B10073CBD1 /* Products */,
				CE6805C725B5F6B30013F822 /* Shared */,
			);
			sourceTree = "<group>";
		};
		CEC331E925B4E7B10073CBD1 /* Products */ = {
			isa = PBXGroup;
			children = (
				CEC331E825B4E7B10073CBD1 /* CheekyKittens.app */,
				CEC331FE25B4E8380073CBD1 /* CheekyKittens.app */,
			);
			name = Products;
			sourceTree = "<group>";
		};
		CEC331EA25B4E7B10073CBD1 /* macOS */ = {
			isa = PBXGroup;
			children = (
				CEC331F525B4E7B20073CBD1 /* macOS.entitlements */,
				CEC331F425B4E7B20073CBD1 /* Info.plist */,
				CEC331EB25B4E7B10073CBD1 /* App.swift */,
				CEB0C76225B4F0100010DD2E /* Control.State.swift */,
				CEB0C75C25B4EFF10010DD2E /* Control.swift */,
				CEB0C76625B4F0380010DD2E /* Control.Title.swift */,
				CEB0C76E25B4F1340010DD2E /* Game.swift */,
				CEB0C77425B4F1AA0010DD2E /* Launch.swift */,
				CEB0C75825B4EFCD0010DD2E /* Text.swift */,
				CEC3321725B4EB890073CBD1 /* Window.swift */,
				CEC331EF25B4E7B20073CBD1 /* Assets.xcassets */,
			);
			path = macOS;
			sourceTree = "<group>";
		};
		CEC331FF25B4E8380073CBD1 /* iOS */ = {
			isa = PBXGroup;
			children = (
				CEC3320025B4E8380073CBD1 /* iOSApp.swift */,
				CEC3320225B4E8380073CBD1 /* ContentView.swift */,
				CEC3320425B4E8390073CBD1 /* Assets.xcassets */,
				CEC3320925B4E8390073CBD1 /* Info.plist */,
			);
			path = iOS;
			sourceTree = "<group>";
		};
/* End PBXGroup section */

/* Begin PBXNativeTarget section */
		CEC331E725B4E7B10073CBD1 /* macOS */ = {
			isa = PBXNativeTarget;
			buildConfigurationList = CEC331F625B4E7B20073CBD1 /* Build configuration list for PBXNativeTarget "macOS" */;
			buildPhases = (
				CEC331E425B4E7B10073CBD1 /* Sources */,
				CEC331E525B4E7B10073CBD1 /* Frameworks */,
				CEC331E625B4E7B10073CBD1 /* Resources */,
			);
			buildRules = (
			);
			dependencies = (
			);
			name = macOS;
			productName = macOS;
			productReference = CEC331E825B4E7B10073CBD1 /* CheekyKittens.app */;
			productType = "com.apple.product-type.application";
		};
		CEC331FD25B4E8380073CBD1 /* iOS */ = {
			isa = PBXNativeTarget;
			buildConfigurationList = CEC3320A25B4E8390073CBD1 /* Build configuration list for PBXNativeTarget "iOS" */;
			buildPhases = (
				CEC331FA25B4E8380073CBD1 /* Sources */,
				CEC331FB25B4E8380073CBD1 /* Frameworks */,
				CEC331FC25B4E8380073CBD1 /* Resources */,
			);
			buildRules = (
			);
			dependencies = (
			);
			name = iOS;
			productName = iOS;
			productReference = CEC331FE25B4E8380073CBD1 /* CheekyKittens.app */;
			productType = "com.apple.product-type.application";
		};
/* End PBXNativeTarget section */

/* Begin PBXProject section */
		CEC331DE25B4E7710073CBD1 /* Project object */ = {
			isa = PBXProject;
			attributes = {
				LastSwiftUpdateCheck = 1230;
				LastUpgradeCheck = 1230;
				TargetAttributes = {
					CEC331E725B4E7B10073CBD1 = {
						CreatedOnToolsVersion = 12.3;
					};
					CEC331FD25B4E8380073CBD1 = {
						CreatedOnToolsVersion = 12.3;
					};
				};
			};
			buildConfigurationList = CEC331E125B4E7710073CBD1 /* Build configuration list for PBXProject "CheekyKittens" */;
			compatibilityVersion = "Xcode 9.3";
			developmentRegion = en;
			hasScannedForEncodings = 0;
			knownRegions = (
				en,
				Base,
			);
			mainGroup = CEC331DD25B4E7710073CBD1;
			productRefGroup = CEC331E925B4E7B10073CBD1 /* Products */;
			projectDirPath = "";
			projectRoot = "";
			targets = (
				CEC331E725B4E7B10073CBD1 /* macOS */,
				CEC331FD25B4E8380073CBD1 /* iOS */,
			);
		};
/* End PBXProject section */

/* Begin PBXResourcesBuildPhase section */
		CEC331E625B4E7B10073CBD1 /* Resources */ = {
			isa = PBXResourcesBuildPhase;
			buildActionMask = 2147483647;
			files = (
				CE6805C925B5F6CF0013F822 /* Media.xcassets in Resources */,
				CEC331F025B4E7B20073CBD1 /* Assets.xcassets in Resources */,
			);
			runOnlyForDeploymentPostprocessing = 0;
		};
		CEC331FC25B4E8380073CBD1 /* Resources */ = {
			isa = PBXResourcesBuildPhase;
			buildActionMask = 2147483647;
			files = (
				CE6805CA25B5F6CF0013F822 /* Media.xcassets in Resources */,
				CEC3320525B4E8390073CBD1 /* Assets.xcassets in Resources */,
			);
			runOnlyForDeploymentPostprocessing = 0;
		};
/* End PBXResourcesBuildPhase section */

/* Begin PBXSourcesBuildPhase section */
		CEC331E425B4E7B10073CBD1 /* Sources */ = {
			isa = PBXSourcesBuildPhase;
			buildActionMask = 2147483647;
			files = (
				CE0F4FE425B74FE50047E1A9 /* Square.swift in Sources */,
				CE0F4FD025B733AD0047E1A9 /* Area.swift in Sources */,
				CEC331EC25B4E7B10073CBD1 /* App.swift in Sources */,
				CEB0C75D25B4EFF10010DD2E /* Control.swift in Sources */,
				CEB0C77525B4F1AA0010DD2E /* Launch.swift in Sources */,
				CEB0C76F25B4F1340010DD2E /* Game.swift in Sources */,
				CEB0C75925B4EFCD0010DD2E /* Text.swift in Sources */,
				CEB0C76725B4F0380010DD2E /* Control.Title.swift in Sources */,
				CEB0C76325B4F0100010DD2E /* Control.State.swift in Sources */,
				CEC3321825B4EB890073CBD1 /* Window.swift in Sources */,
			);
			runOnlyForDeploymentPostprocessing = 0;
		};
		CEC331FA25B4E8380073CBD1 /* Sources */ = {
			isa = PBXSourcesBuildPhase;
			buildActionMask = 2147483647;
			files = (
				CE0F4FE525B74FE50047E1A9 /* Square.swift in Sources */,
				CEC3320325B4E8380073CBD1 /* ContentView.swift in Sources */,
				CE0F4FD125B733AD0047E1A9 /* Area.swift in Sources */,
				CEC3320125B4E8380073CBD1 /* iOSApp.swift in Sources */,
			);
			runOnlyForDeploymentPostprocessing = 0;
		};
/* End PBXSourcesBuildPhase section */

/* Begin XCBuildConfiguration section */
		CEC331E225B4E7710073CBD1 /* Debug */ = {
			isa = XCBuildConfiguration;
			buildSettings = {
				CLANG_ENABLE_MODULES = YES;
				CURRENT_PROJECT_VERSION = 1;
				DEBUG_INFORMATION_FORMAT = dwarf;
				ENABLE_BITCODE = YES;
				GCC_OPTIMIZATION_LEVEL = 0;
				IPHONEOS_DEPLOYMENT_TARGET = 14.0;
				MACOSX_DEPLOYMENT_TARGET = 11.0;
				MARKETING_VERSION = "$(CURRENT_PROJECT_VERSION)";
				PRODUCT_MODULE_NAME = CheekyKittens;
				PRODUCT_NAME = "Cheeky Kittens";
				SWIFT_INSTALL_OBJC_HEADER = NO;
				SWIFT_OPTIMIZATION_LEVEL = "-Onone";
				SWIFT_VERSION = 5.0;
			};
			name = Debug;
		};
		CEC331E325B4E7710073CBD1 /* Release */ = {
			isa = XCBuildConfiguration;
			buildSettings = {
				CLANG_ENABLE_MODULES = YES;
				CURRENT_PROJECT_VERSION = 1;
				DEBUG_INFORMATION_FORMAT = "dwarf-with-dsym";
				ENABLE_BITCODE = YES;
				GCC_OPTIMIZATION_LEVEL = 3;
				IPHONEOS_DEPLOYMENT_TARGET = 14.0;
				MACOSX_DEPLOYMENT_TARGET = 11.0;
				MARKETING_VERSION = "$(CURRENT_PROJECT_VERSION)";
				PRODUCT_MODULE_NAME = CheekyKittens;
				PRODUCT_NAME = "Cheeky Kittens";
				SWIFT_COMPILATION_MODE = wholemodule;
				SWIFT_INSTALL_OBJC_HEADER = NO;
				SWIFT_VERSION = 5.0;
			};
			name = Release;
		};
		CEC331F725B4E7B20073CBD1 /* Debug */ = {
			isa = XCBuildConfiguration;
			buildSettings = {
				ALWAYS_SEARCH_USER_PATHS = NO;
				ASSETCATALOG_COMPILER_APPICON_NAME = AppIcon;
				ASSETCATALOG_COMPILER_GLOBAL_ACCENT_COLOR_NAME = AccentColor;
				CLANG_ANALYZER_NONNULL = YES;
				CLANG_ANALYZER_NUMBER_OBJECT_CONVERSION = YES_AGGRESSIVE;
				CLANG_CXX_LANGUAGE_STANDARD = "gnu++14";
				CLANG_CXX_LIBRARY = "libc++";
				CLANG_ENABLE_OBJC_ARC = YES;
				CLANG_ENABLE_OBJC_WEAK = YES;
				CLANG_WARN_BLOCK_CAPTURE_AUTORELEASING = YES;
				CLANG_WARN_BOOL_CONVERSION = YES;
				CLANG_WARN_COMMA = YES;
				CLANG_WARN_CONSTANT_CONVERSION = YES;
				CLANG_WARN_DEPRECATED_OBJC_IMPLEMENTATIONS = YES;
				CLANG_WARN_DIRECT_OBJC_ISA_USAGE = YES_ERROR;
				CLANG_WARN_DOCUMENTATION_COMMENTS = YES;
				CLANG_WARN_EMPTY_BODY = YES;
				CLANG_WARN_ENUM_CONVERSION = YES;
				CLANG_WARN_INFINITE_RECURSION = YES;
				CLANG_WARN_INT_CONVERSION = YES;
				CLANG_WARN_NON_LITERAL_NULL_CONVERSION = YES;
				CLANG_WARN_OBJC_IMPLICIT_RETAIN_SELF = YES;
				CLANG_WARN_OBJC_LITERAL_CONVERSION = YES;
				CLANG_WARN_OBJC_ROOT_CLASS = YES_ERROR;
				CLANG_WARN_QUOTED_INCLUDE_IN_FRAMEWORK_HEADER = YES;
				CLANG_WARN_RANGE_LOOP_ANALYSIS = YES;
				CLANG_WARN_STRICT_PROTOTYPES = YES;
				CLANG_WARN_SUSPICIOUS_MOVE = YES;
				CLANG_WARN_UNGUARDED_AVAILABILITY = YES_AGGRESSIVE;
				CLANG_WARN_UNREACHABLE_CODE = YES;
				CLANG_WARN__DUPLICATE_METHOD_MATCH = YES;
				CODE_SIGN_ENTITLEMENTS = macOS/macOS.entitlements;
				CODE_SIGN_STYLE = Automatic;
				COMBINE_HIDPI_IMAGES = YES;
				COPY_PHASE_STRIP = NO;
				DEVELOPMENT_TEAM = 7AMWG3RLHN;
				ENABLE_HARDENED_RUNTIME = YES;
				ENABLE_STRICT_OBJC_MSGSEND = YES;
				ENABLE_TESTABILITY = YES;
				GCC_C_LANGUAGE_STANDARD = gnu11;
				GCC_DYNAMIC_NO_PIC = NO;
				GCC_NO_COMMON_BLOCKS = YES;
				GCC_PREPROCESSOR_DEFINITIONS = (
					"DEBUG=1",
					"$(inherited)",
				);
				GCC_WARN_64_TO_32_BIT_CONVERSION = YES;
				GCC_WARN_ABOUT_RETURN_TYPE = YES_ERROR;
				GCC_WARN_UNDECLARED_SELECTOR = YES;
				GCC_WARN_UNINITIALIZED_AUTOS = YES_AGGRESSIVE;
				GCC_WARN_UNUSED_FUNCTION = YES;
				GCC_WARN_UNUSED_VARIABLE = YES;
				INFOPLIST_FILE = macOS/Info.plist;
				LD_RUNPATH_SEARCH_PATHS = (
					"$(inherited)",
					"@executable_path/../Frameworks",
				);
				MTL_ENABLE_DEBUG_INFO = INCLUDE_SOURCE;
				MTL_FAST_MATH = YES;
				ONLY_ACTIVE_ARCH = YES;
				PRODUCT_BUNDLE_IDENTIFIER = cheeky.kittens;
				SDKROOT = macosx;
				SWIFT_ACTIVE_COMPILATION_CONDITIONS = DEBUG;
			};
			name = Debug;
		};
		CEC331F825B4E7B20073CBD1 /* Release */ = {
			isa = XCBuildConfiguration;
			buildSettings = {
				ALWAYS_SEARCH_USER_PATHS = NO;
				ASSETCATALOG_COMPILER_APPICON_NAME = AppIcon;
				ASSETCATALOG_COMPILER_GLOBAL_ACCENT_COLOR_NAME = AccentColor;
				CLANG_ANALYZER_NONNULL = YES;
				CLANG_ANALYZER_NUMBER_OBJECT_CONVERSION = YES_AGGRESSIVE;
				CLANG_CXX_LANGUAGE_STANDARD = "gnu++14";
				CLANG_CXX_LIBRARY = "libc++";
				CLANG_ENABLE_OBJC_ARC = YES;
				CLANG_ENABLE_OBJC_WEAK = YES;
				CLANG_WARN_BLOCK_CAPTURE_AUTORELEASING = YES;
				CLANG_WARN_BOOL_CONVERSION = YES;
				CLANG_WARN_COMMA = YES;
				CLANG_WARN_CONSTANT_CONVERSION = YES;
				CLANG_WARN_DEPRECATED_OBJC_IMPLEMENTATIONS = YES;
				CLANG_WARN_DIRECT_OBJC_ISA_USAGE = YES_ERROR;
				CLANG_WARN_DOCUMENTATION_COMMENTS = YES;
				CLANG_WARN_EMPTY_BODY = YES;
				CLANG_WARN_ENUM_CONVERSION = YES;
				CLANG_WARN_INFINITE_RECURSION = YES;
				CLANG_WARN_INT_CONVERSION = YES;
				CLANG_WARN_NON_LITERAL_NULL_CONVERSION = YES;
				CLANG_WARN_OBJC_IMPLICIT_RETAIN_SELF = YES;
				CLANG_WARN_OBJC_LITERAL_CONVERSION = YES;
				CLANG_WARN_OBJC_ROOT_CLASS = YES_ERROR;
				CLANG_WARN_QUOTED_INCLUDE_IN_FRAMEWORK_HEADER = YES;
				CLANG_WARN_RANGE_LOOP_ANALYSIS = YES;
				CLANG_WARN_STRICT_PROTOTYPES = YES;
				CLANG_WARN_SUSPICIOUS_MOVE = YES;
				CLANG_WARN_UNGUARDED_AVAILABILITY = YES_AGGRESSIVE;
				CLANG_WARN_UNREACHABLE_CODE = YES;
				CLANG_WARN__DUPLICATE_METHOD_MATCH = YES;
				CODE_SIGN_ENTITLEMENTS = macOS/macOS.entitlements;
				CODE_SIGN_STYLE = Automatic;
				COMBINE_HIDPI_IMAGES = YES;
				COPY_PHASE_STRIP = NO;
				DEVELOPMENT_TEAM = 7AMWG3RLHN;
				ENABLE_HARDENED_RUNTIME = YES;
				ENABLE_NS_ASSERTIONS = NO;
				ENABLE_STRICT_OBJC_MSGSEND = YES;
				GCC_C_LANGUAGE_STANDARD = gnu11;
				GCC_NO_COMMON_BLOCKS = YES;
				GCC_WARN_64_TO_32_BIT_CONVERSION = YES;
				GCC_WARN_ABOUT_RETURN_TYPE = YES_ERROR;
				GCC_WARN_UNDECLARED_SELECTOR = YES;
				GCC_WARN_UNINITIALIZED_AUTOS = YES_AGGRESSIVE;
				GCC_WARN_UNUSED_FUNCTION = YES;
				GCC_WARN_UNUSED_VARIABLE = YES;
				INFOPLIST_FILE = macOS/Info.plist;
				LD_RUNPATH_SEARCH_PATHS = (
					"$(inherited)",
					"@executable_path/../Frameworks",
				);
				MTL_ENABLE_DEBUG_INFO = NO;
				MTL_FAST_MATH = YES;
				PRODUCT_BUNDLE_IDENTIFIER = cheeky.kittens;
				SDKROOT = macosx;
			};
			name = Release;
		};
		CEC3320B25B4E8390073CBD1 /* Debug */ = {
			isa = XCBuildConfiguration;
			buildSettings = {
				ALWAYS_SEARCH_USER_PATHS = NO;
				ASSETCATALOG_COMPILER_APPICON_NAME = AppIcon;
				ASSETCATALOG_COMPILER_GLOBAL_ACCENT_COLOR_NAME = AccentColor;
				CLANG_ANALYZER_NONNULL = YES;
				CLANG_ANALYZER_NUMBER_OBJECT_CONVERSION = YES_AGGRESSIVE;
				CLANG_CXX_LANGUAGE_STANDARD = "gnu++14";
				CLANG_CXX_LIBRARY = "libc++";
				CLANG_ENABLE_OBJC_ARC = YES;
				CLANG_ENABLE_OBJC_WEAK = YES;
				CLANG_WARN_BLOCK_CAPTURE_AUTORELEASING = YES;
				CLANG_WARN_BOOL_CONVERSION = YES;
				CLANG_WARN_COMMA = YES;
				CLANG_WARN_CONSTANT_CONVERSION = YES;
				CLANG_WARN_DEPRECATED_OBJC_IMPLEMENTATIONS = YES;
				CLANG_WARN_DIRECT_OBJC_ISA_USAGE = YES_ERROR;
				CLANG_WARN_DOCUMENTATION_COMMENTS = YES;
				CLANG_WARN_EMPTY_BODY = YES;
				CLANG_WARN_ENUM_CONVERSION = YES;
				CLANG_WARN_INFINITE_RECURSION = YES;
				CLANG_WARN_INT_CONVERSION = YES;
				CLANG_WARN_NON_LITERAL_NULL_CONVERSION = YES;
				CLANG_WARN_OBJC_IMPLICIT_RETAIN_SELF = YES;
				CLANG_WARN_OBJC_LITERAL_CONVERSION = YES;
				CLANG_WARN_OBJC_ROOT_CLASS = YES_ERROR;
				CLANG_WARN_QUOTED_INCLUDE_IN_FRAMEWORK_HEADER = YES;
				CLANG_WARN_RANGE_LOOP_ANALYSIS = YES;
				CLANG_WARN_STRICT_PROTOTYPES = YES;
				CLANG_WARN_SUSPICIOUS_MOVE = YES;
				CLANG_WARN_UNGUARDED_AVAILABILITY = YES_AGGRESSIVE;
				CLANG_WARN_UNREACHABLE_CODE = YES;
				CLANG_WARN__DUPLICATE_METHOD_MATCH = YES;
				CODE_SIGN_STYLE = Automatic;
				COPY_PHASE_STRIP = NO;
				DEVELOPMENT_TEAM = 7AMWG3RLHN;
				ENABLE_STRICT_OBJC_MSGSEND = YES;
				ENABLE_TESTABILITY = YES;
				GCC_C_LANGUAGE_STANDARD = gnu11;
				GCC_DYNAMIC_NO_PIC = NO;
				GCC_NO_COMMON_BLOCKS = YES;
				GCC_PREPROCESSOR_DEFINITIONS = (
					"DEBUG=1",
					"$(inherited)",
				);
				GCC_WARN_64_TO_32_BIT_CONVERSION = YES;
				GCC_WARN_ABOUT_RETURN_TYPE = YES_ERROR;
				GCC_WARN_UNDECLARED_SELECTOR = YES;
				GCC_WARN_UNINITIALIZED_AUTOS = YES_AGGRESSIVE;
				GCC_WARN_UNUSED_FUNCTION = YES;
				GCC_WARN_UNUSED_VARIABLE = YES;
				INFOPLIST_FILE = iOS/Info.plist;
				LD_RUNPATH_SEARCH_PATHS = (
					"$(inherited)",
					"@executable_path/Frameworks",
				);
				MTL_ENABLE_DEBUG_INFO = INCLUDE_SOURCE;
				MTL_FAST_MATH = YES;
				ONLY_ACTIVE_ARCH = YES;
				PRODUCT_BUNDLE_IDENTIFIER = cheeky.kittens;
				SDKROOT = iphoneos;
				SWIFT_ACTIVE_COMPILATION_CONDITIONS = DEBUG;
				TARGETED_DEVICE_FAMILY = "1,2";
			};
			name = Debug;
		};
		CEC3320C25B4E8390073CBD1 /* Release */ = {
			isa = XCBuildConfiguration;
			buildSettings = {
				ALWAYS_SEARCH_USER_PATHS = NO;
				ASSETCATALOG_COMPILER_APPICON_NAME = AppIcon;
				ASSETCATALOG_COMPILER_GLOBAL_ACCENT_COLOR_NAME = AccentColor;
				CLANG_ANALYZER_NONNULL = YES;
				CLANG_ANALYZER_NUMBER_OBJECT_CONVERSION = YES_AGGRESSIVE;
				CLANG_CXX_LANGUAGE_STANDARD = "gnu++14";
				CLANG_CXX_LIBRARY = "libc++";
				CLANG_ENABLE_OBJC_ARC = YES;
				CLANG_ENABLE_OBJC_WEAK = YES;
				CLANG_WARN_BLOCK_CAPTURE_AUTORELEASING = YES;
				CLANG_WARN_BOOL_CONVERSION = YES;
				CLANG_WARN_COMMA = YES;
				CLANG_WARN_CONSTANT_CONVERSION = YES;
				CLANG_WARN_DEPRECATED_OBJC_IMPLEMENTATIONS = YES;
				CLANG_WARN_DIRECT_OBJC_ISA_USAGE = YES_ERROR;
				CLANG_WARN_DOCUMENTATION_COMMENTS = YES;
				CLANG_WARN_EMPTY_BODY = YES;
				CLANG_WARN_ENUM_CONVERSION = YES;
				CLANG_WARN_INFINITE_RECURSION = YES;
				CLANG_WARN_INT_CONVERSION = YES;
				CLANG_WARN_NON_LITERAL_NULL_CONVERSION = YES;
				CLANG_WARN_OBJC_IMPLICIT_RETAIN_SELF = YES;
				CLANG_WARN_OBJC_LITERAL_CONVERSION = YES;
				CLANG_WARN_OBJC_ROOT_CLASS = YES_ERROR;
				CLANG_WARN_QUOTED_INCLUDE_IN_FRAMEWORK_HEADER = YES;
				CLANG_WARN_RANGE_LOOP_ANALYSIS = YES;
				CLANG_WARN_STRICT_PROTOTYPES = YES;
				CLANG_WARN_SUSPICIOUS_MOVE = YES;
				CLANG_WARN_UNGUARDED_AVAILABILITY = YES_AGGRESSIVE;
				CLANG_WARN_UNREACHABLE_CODE = YES;
				CLANG_WARN__DUPLICATE_METHOD_MATCH = YES;
				CODE_SIGN_STYLE = Automatic;
				COPY_PHASE_STRIP = NO;
				DEVELOPMENT_TEAM = 7AMWG3RLHN;
				ENABLE_NS_ASSERTIONS = NO;
				ENABLE_STRICT_OBJC_MSGSEND = YES;
				GCC_C_LANGUAGE_STANDARD = gnu11;
				GCC_NO_COMMON_BLOCKS = YES;
				GCC_WARN_64_TO_32_BIT_CONVERSION = YES;
				GCC_WARN_ABOUT_RETURN_TYPE = YES_ERROR;
				GCC_WARN_UNDECLARED_SELECTOR = YES;
				GCC_WARN_UNINITIALIZED_AUTOS = YES_AGGRESSIVE;
				GCC_WARN_UNUSED_FUNCTION = YES;
				GCC_WARN_UNUSED_VARIABLE = YES;
				INFOPLIST_FILE = iOS/Info.plist;
				LD_RUNPATH_SEARCH_PATHS = (
					"$(inherited)",
					"@executable_path/Frameworks",
				);
				MTL_ENABLE_DEBUG_INFO = NO;
				MTL_FAST_MATH = YES;
				PRODUCT_BUNDLE_IDENTIFIER = cheeky.kittens;
				SDKROOT = iphoneos;
				TARGETED_DEVICE_FAMILY = "1,2";
				VALIDATE_PRODUCT = YES;
			};
			name = Release;
		};
/* End XCBuildConfiguration section */

/* Begin XCConfigurationList section */
		CEC331E125B4E7710073CBD1 /* Build configuration list for PBXProject "CheekyKittens" */ = {
			isa = XCConfigurationList;
			buildConfigurations = (
				CEC331E225B4E7710073CBD1 /* Debug */,
				CEC331E325B4E7710073CBD1 /* Release */,
			);
			defaultConfigurationIsVisible = 0;
			defaultConfigurationName = Release;
		};
		CEC331F625B4E7B20073CBD1 /* Build configuration list for PBXNativeTarget "macOS" */ = {
			isa = XCConfigurationList;
			buildConfigurations = (
				CEC331F725B4E7B20073CBD1 /* Debug */,
				CEC331F825B4E7B20073CBD1 /* Release */,
			);
			defaultConfigurationIsVisible = 0;
			defaultConfigurationName = Release;
		};
		CEC3320A25B4E8390073CBD1 /* Build configuration list for PBXNativeTarget "iOS" */ = {
			isa = XCConfigurationList;
			buildConfigurations = (
				CEC3320B25B4E8390073CBD1 /* Debug */,
				CEC3320C25B4E8390073CBD1 /* Release */,
			);
			defaultConfigurationIsVisible = 0;
			defaultConfigurationName = Release;
		};
/* End XCConfigurationList section */
	};
	rootObject = CEC331DE25B4E7710073CBD1 /* Project object */;
}
